
Microsoft Visual Studio Solution File, Format Version 12.00
# Visual Studio Version 16
VisualStudioVersion = 16.0.30114.105
MinimumVisualStudioVersion = 10.0.40219.1
Project("{FAE04EC0-301F-11D3-BF4B-00C04F79EFBC}") = "R5T.Edenderry.Base", "R5T.Edenderry.Base\R5T.Edenderry.Base.csproj", "{65A27A8D-7B2F-4C09-A0FD-F9CBCD57FC6A}"
EndProject
Project("{FAE04EC0-301F-11D3-BF4B-00C04F79EFBC}") = "R5T.Edenderry.Base.Construction", "R5T.Edenderry.Base.Construction\R5T.Edenderry.Base.Construction.csproj", "{8D6DF038-2FC8-4F46-97BA-001F013353B7}"
EndProject
Global
	GlobalSection(SolutionConfigurationPlatforms) = preSolution
		Debug|Any CPU = Debug|Any CPU
		Debug|x64 = Debug|x64
		Debug|x86 = Debug|x86
		Release|Any CPU = Release|Any CPU
		Release|x64 = Release|x64
		Release|x86 = Release|x86
	EndGlobalSection
	GlobalSection(SolutionProperties) = preSolution
		HideSolutionNode = FALSE
	EndGlobalSection
	GlobalSection(ProjectConfigurationPlatforms) = postSolution
		{65A27A8D-7B2F-4C09-A0FD-F9CBCD57FC6A}.Debug|Any CPU.ActiveCfg = Debug|Any CPU
		{65A27A8D-7B2F-4C09-A0FD-F9CBCD57FC6A}.Debug|Any CPU.Build.0 = Debug|Any CPU
		{65A27A8D-7B2F-4C09-A0FD-F9CBCD57FC6A}.Debug|x64.ActiveCfg = Debug|Any CPU
		{65A27A8D-7B2F-4C09-A0FD-F9CBCD57FC6A}.Debug|x64.Build.0 = Debug|Any CPU
		{65A27A8D-7B2F-4C09-A0FD-F9CBCD57FC6A}.Debug|x86.ActiveCfg = Debug|Any CPU
		{65A27A8D-7B2F-4C09-A0FD-F9CBCD57FC6A}.Debug|x86.Build.0 = Debug|Any CPU
		{65A27A8D-7B2F-4C09-A0FD-F9CBCD57FC6A}.Release|Any CPU.ActiveCfg = Release|Any CPU
		{65A27A8D-7B2F-4C09-A0FD-F9CBCD57FC6A}.Release|Any CPU.Build.0 = Release|Any CPU
		{65A27A8D-7B2F-4C09-A0FD-F9CBCD57FC6A}.Release|x64.ActiveCfg = Release|Any CPU
		{65A27A8D-7B2F-4C09-A0FD-F9CBCD57FC6A}.Release|x64.Build.0 = Release|Any CPU
		{65A27A8D-7B2F-4C09-A0FD-F9CBCD57FC6A}.Release|x86.ActiveCfg = Release|Any CPU
		{65A27A8D-7B2F-4C09-A0FD-F9CBCD57FC6A}.Release|x86.Build.0 = Release|Any CPU
		{8D6DF038-2FC8-4F46-97BA-001F013353B7}.Debug|Any CPU.ActiveCfg = Debug|Any CPU
		{8D6DF038-2FC8-4F46-97BA-001F013353B7}.Debug|Any CPU.Build.0 = Debug|Any CPU
		{8D6DF038-2FC8-4F46-97BA-001F013353B7}.Debug|x64.ActiveCfg = Debug|Any CPU
		{8D6DF038-2FC8-4F46-97BA-001F013353B7}.Debug|x64.Build.0 = Debug|Any CPU
		{8D6DF038-2FC8-4F46-97BA-001F013353B7}.Debug|x86.ActiveCfg = Debug|Any CPU
		{8D6DF038-2FC8-4F46-97BA-001F013353B7}.Debug|x86.Build.0 = Debug|Any CPU
		{8D6DF038-2FC8-4F46-97BA-001F013353B7}.Release|Any CPU.ActiveCfg = Release|Any CPU
		{8D6DF038-2FC8-4F46-97BA-001F013353B7}.Release|Any CPU.Build.0 = Release|Any CPU
		{8D6DF038-2FC8-4F46-97BA-001F013353B7}.Release|x64.ActiveCfg = Release|Any CPU
		{8D6DF038-2FC8-4F46-97BA-001F013353B7}.Release|x64.Build.0 = Release|Any CPU
		{8D6DF038-2FC8-4F46-97BA-001F013353B7}.Release|x86.ActiveCfg = Release|Any CPU
		{8D6DF038-2FC8-4F46-97BA-001F013353B7}.Release|x86.Build.0 = Release|Any CPU
	EndGlobalSection
EndGlobal
